// !$*UTF8*$!
{
	archiveVersion = 1;
	classes = {
	};
	objectVersion = 50;
	objects = {

/* Begin PBXBuildFile section */
		3F6F352C26376075004A234F /* LocationManager.swift in Sources */ = {isa = PBXBuildFile; fileRef = 3F6F352B26376075004A234F /* LocationManager.swift */; };
		3F98FECD26321EDC00F76009 /* Za_HunterApp.swift in Sources */ = {isa = PBXBuildFile; fileRef = 3F98FECC26321EDC00F76009 /* Za_HunterApp.swift */; };
		3F98FECF26321EDC00F76009 /* ContentView.swift in Sources */ = {isa = PBXBuildFile; fileRef = 3F98FECE26321EDC00F76009 /* ContentView.swift */; };
		3F98FED126321EE000F76009 /* Assets.xcassets in Resources */ = {isa = PBXBuildFile; fileRef = 3F98FED026321EE000F76009 /* Assets.xcassets */; };
		3F98FED426321EE000F76009 /* Preview Assets.xcassets in Resources */ = {isa = PBXBuildFile; fileRef = 3F98FED326321EE000F76009 /* Preview Assets.xcassets */; };
		3F98FEDF26321EE000F76009 /* Za_HunterTests.swift in Sources */ = {isa = PBXBuildFile; fileRef = 3F98FEDE26321EE000F76009 /* Za_HunterTests.swift */; };
		3F98FEEA26321EE000F76009 /* Za_HunterUITests.swift in Sources */ = {isa = PBXBuildFile; fileRef = 3F98FEE926321EE000F76009 /* Za_HunterUITests.swift */; };
/* End PBXBuildFile section */

/* Begin PBXContainerItemProxy section */
		3F98FEDB26321EE000F76009 /* PBXContainerItemProxy */ = {
			isa = PBXContainerItemProxy;
			containerPortal = 3F98FEC126321EDC00F76009 /* Project object */;
			proxyType = 1;
			remoteGlobalIDString = 3F98FEC826321EDC00F76009;
			remoteInfo = "Za Hunter";
		};
		3F98FEE626321EE000F76009 /* PBXContainerItemProxy */ = {
			isa = PBXContainerItemProxy;
			containerPortal = 3F98FEC126321EDC00F76009 /* Project object */;
			proxyType = 1;
			remoteGlobalIDString = 3F98FEC826321EDC00F76009;
			remoteInfo = "Za Hunter";
		};
/* End PBXContainerItemProxy section */

/* Begin PBXFileReference section */
		3F6F352B26376075004A234F /* LocationManager.swift */ = {isa = PBXFileReference; lastKnownFileType = sourcecode.swift; path = LocationManager.swift; sourceTree = "<group>"; };
		3F98FEC926321EDC00F76009 /* Za Hunter.app */ = {isa = PBXFileReference; explicitFileType = wrapper.application; includeInIndex = 0; path = "Za Hunter.app"; sourceTree = BUILT_PRODUCTS_DIR; };
		3F98FECC26321EDC00F76009 /* Za_HunterApp.swift */ = {isa = PBXFileReference; lastKnownFileType = sourcecode.swift; path = Za_HunterApp.swift; sourceTree = "<group>"; };
		3F98FECE26321EDC00F76009 /* ContentView.swift */ = {isa = PBXFileReference; lastKnownFileType = sourcecode.swift; path = ContentView.swift; sourceTree = "<group>"; };
		3F98FED026321EE000F76009 /* Assets.xcassets */ = {isa = PBXFileReference; lastKnownFileType = folder.assetcatalog; path = Assets.xcassets; sourceTree = "<group>"; };
		3F98FED326321EE000F76009 /* Preview Assets.xcassets */ = {isa = PBXFileReference; lastKnownFileType = folder.assetcatalog; path = "Preview Assets.xcassets"; sourceTree = "<group>"; };
		3F98FED526321EE000F76009 /* Info.plist */ = {isa = PBXFileReference; lastKnownFileType = text.plist.xml; path = Info.plist; sourceTree = "<group>"; };
		3F98FEDA26321EE000F76009 /* Za HunterTests.xctest */ = {isa = PBXFileReference; explicitFileType = wrapper.cfbundle; includeInIndex = 0; path = "Za HunterTests.xctest"; sourceTree = BUILT_PRODUCTS_DIR; };
		3F98FEDE26321EE000F76009 /* Za_HunterTests.swift */ = {isa = PBXFileReference; lastKnownFileType = sourcecode.swift; path = Za_HunterTests.swift; sourceTree = "<group>"; };
		3F98FEE026321EE000F76009 /* Info.plist */ = {isa = PBXFileReference; lastKnownFileType = text.plist.xml; path = Info.plist; sourceTree = "<group>"; };
		3F98FEE526321EE000F76009 /* Za HunterUITests.xctest */ = {isa = PBXFileReference; explicitFileType = wrapper.cfbundle; includeInIndex = 0; path = "Za HunterUITests.xctest"; sourceTree = BUILT_PRODUCTS_DIR; };
		3F98FEE926321EE000F76009 /* Za_HunterUITests.swift */ = {isa = PBXFileReference; lastKnownFileType = sourcecode.swift; path = Za_HunterUITests.swift; sourceTree = "<group>"; };
		3F98FEEB26321EE000F76009 /* Info.plist */ = {isa = PBXFileReference; lastKnownFileType = text.plist.xml; path = Info.plist; sourceTree = "<group>"; };
/* End PBXFileReference section */

/* Begin PBXFrameworksBuildPhase section */
		3F98FEC626321EDC00F76009 /* Frameworks */ = {
			isa = PBXFrameworksBuildPhase;
			buildActionMask = 2147483647;
			files = (
			);
			runOnlyForDeploymentPostprocessing = 0;
		};
		3F98FED726321EE000F76009 /* Frameworks */ = {
			isa = PBXFrameworksBuildPhase;
			buildActionMask = 2147483647;
			files = (
			);
			runOnlyForDeploymentPostprocessing = 0;
		};
		3F98FEE226321EE000F76009 /* Frameworks */ = {
			isa = PBXFrameworksBuildPhase;
			buildActionMask = 2147483647;
			files = (
			);
			runOnlyForDeploymentPostprocessing = 0;
		};
/* End PBXFrameworksBuildPhase section */

/* Begin PBXGroup section */
		3F98FEC026321EDC00F76009 = {
			isa = PBXGroup;
			children = (
				3F98FECB26321EDC00F76009 /* Za Hunter */,
				3F98FEDD26321EE000F76009 /* Za HunterTests */,
				3F98FEE826321EE000F76009 /* Za HunterUITests */,
				3F98FECA26321EDC00F76009 /* Products */,
			);
			sourceTree = "<group>";
		};
		3F98FECA26321EDC00F76009 /* Products */ = {
			isa = PBXGroup;
			children = (
				3F98FEC926321EDC00F76009 /* Za Hunter.app */,
				3F98FEDA26321EE000F76009 /* Za HunterTests.xctest */,
				3F98FEE526321EE000F76009 /* Za HunterUITests.xctest */,
			);
			name = Products;
			sourceTree = "<group>";
		};
		3F98FECB26321EDC00F76009 /* Za Hunter */ = {
			isa = PBXGroup;
			children = (
				3F98FECC26321EDC00F76009 /* Za_HunterApp.swift */,
				3F6F352B26376075004A234F /* LocationManager.swift */,
				3F98FECE26321EDC00F76009 /* ContentView.swift */,
				3F98FED026321EE000F76009 /* Assets.xcassets */,
				3F98FED526321EE000F76009 /* Info.plist */,
				3F98FED226321EE000F76009 /* Preview Content */,
			);
			path = "Za Hunter";
			sourceTree = "<group>";
		};
		3F98FED226321EE000F76009 /* Preview Content */ = {
			isa = PBXGroup;
			children = (
				3F98FED326321EE000F76009 /* Preview Assets.xcassets */,
			);
			path = "Preview Content";
			sourceTree = "<group>";
		};
		3F98FEDD26321EE000F76009 /* Za HunterTests */ = {
			isa = PBXGroup;
			children = (
				3F98FEDE26321EE000F76009 /* Za_HunterTests.swift */,
				3F98FEE026321EE000F76009 /* Info.plist */,
			);
			path = "Za HunterTests";
			sourceTree = "<group>";
		};
		3F98FEE826321EE000F76009 /* Za HunterUITests */ = {
			isa = PBXGroup;
			children = (
				3F98FEE926321EE000F76009 /* Za_HunterUITests.swift */,
				3F98FEEB26321EE000F76009 /* Info.plist */,
			);
			path = "Za HunterUITests";
			sourceTree = "<group>";
		};
/* End PBXGroup section */

/* Begin PBXNativeTarget section */
		3F98FEC826321EDC00F76009 /* Za Hunter */ = {
			isa = PBXNativeTarget;
			buildConfigurationList = 3F98FEEE26321EE100F76009 /* Build configuration list for PBXNativeTarget "Za Hunter" */;
			buildPhases = (
				3F98FEC526321EDC00F76009 /* Sources */,
				3F98FEC626321EDC00F76009 /* Frameworks */,
				3F98FEC726321EDC00F76009 /* Resources */,
			);
			buildRules = (
			);
			dependencies = (
			);
			name = "Za Hunter";
			productName = "Za Hunter";
			productReference = 3F98FEC926321EDC00F76009 /* Za Hunter.app */;
			productType = "com.apple.product-type.application";
		};
		3F98FED926321EE000F76009 /* Za HunterTests */ = {
			isa = PBXNativeTarget;
			buildConfigurationList = 3F98FEF126321EE100F76009 /* Build configuration list for PBXNativeTarget "Za HunterTests" */;
			buildPhases = (
				3F98FED626321EE000F76009 /* Sources */,
				3F98FED726321EE000F76009 /* Frameworks */,
				3F98FED826321EE000F76009 /* Resources */,
			);
			buildRules = (
			);
			dependencies = (
				3F98FEDC26321EE000F76009 /* PBXTargetDependency */,
			);
			name = "Za HunterTests";
			productName = "Za HunterTests";
			productReference = 3F98FEDA26321EE000F76009 /* Za HunterTests.xctest */;
			productType = "com.apple.product-type.bundle.unit-test";
		};
		3F98FEE426321EE000F76009 /* Za HunterUITests */ = {
			isa = PBXNativeTarget;
			buildConfigurationList = 3F98FEF426321EE100F76009 /* Build configuration list for PBXNativeTarget "Za HunterUITests" */;
			buildPhases = (
				3F98FEE126321EE000F76009 /* Sources */,
				3F98FEE226321EE000F76009 /* Frameworks */,
				3F98FEE326321EE000F76009 /* Resources */,
			);
			buildRules = (
			);
			dependencies = (
				3F98FEE726321EE000F76009 /* PBXTargetDependency */,
			);
			name = "Za HunterUITests";
			productName = "Za HunterUITests";
			productReference = 3F98FEE526321EE000F76009 /* Za HunterUITests.xctest */;
			productType = "com.apple.product-type.bundle.ui-testing";
		};
/* End PBXNativeTarget section */

/* Begin PBXProject section */
		3F98FEC126321EDC00F76009 /* Project object */ = {
			isa = PBXProject;
			attributes = {
				LastSwiftUpdateCheck = 1240;
				LastUpgradeCheck = 1240;
				TargetAttributes = {
					3F98FEC826321EDC00F76009 = {
						CreatedOnToolsVersion = 12.4;
					};
					3F98FED926321EE000F76009 = {
						CreatedOnToolsVersion = 12.4;
						TestTargetID = 3F98FEC826321EDC00F76009;
					};
					3F98FEE426321EE000F76009 = {
						CreatedOnToolsVersion = 12.4;
						TestTargetID = 3F98FEC826321EDC00F76009;
					};
				};
			};
			buildConfigurationList = 3F98FEC426321EDC00F76009 /* Build configuration list for PBXProject "Za Hunter" */;
			compatibilityVersion = "Xcode 9.3";
			developmentRegion = en;
			hasScannedForEncodings = 0;
			knownRegions = (
				en,
				Base,
			);
			mainGroup = 3F98FEC026321EDC00F76009;
			productRefGroup = 3F98FECA26321EDC00F76009 /* Products */;
			projectDirPath = "";
			projectRoot = "";
			targets = (
				3F98FEC826321EDC00F76009 /* Za Hunter */,
				3F98FED926321EE000F76009 /* Za HunterTests */,
				3F98FEE426321EE000F76009 /* Za HunterUITests */,
			);
		};
/* End PBXProject section */

/* Begin PBXResourcesBuildPhase section */
		3F98FEC726321EDC00F76009 /* Resources */ = {
			isa = PBXResourcesBuildPhase;
			buildActionMask = 2147483647;
			files = (
				3F98FED426321EE000F76009 /* Preview Assets.xcassets in Resources */,
				3F98FED126321EE000F76009 /* Assets.xcassets in Resources */,
			);
			runOnlyForDeploymentPostprocessing = 0;
		};
		3F98FED826321EE000F76009 /* Resources */ = {
			isa = PBXResourcesBuildPhase;
			buildActionMask = 2147483647;
			files = (
			);
			runOnlyForDeploymentPostprocessing = 0;
		};
		3F98FEE326321EE000F76009 /* Resources */ = {
			isa = PBXResourcesBuildPhase;
			buildActionMask = 2147483647;
			files = (
			);
			runOnlyForDeploymentPostprocessing = 0;
		};
/* End PBXResourcesBuildPhase section */

/* Begin PBXSourcesBuildPhase section */
		3F98FEC526321EDC00F76009 /* Sources */ = {
			isa = PBXSourcesBuildPhase;
			buildActionMask = 2147483647;
			files = (
				3F98FECF26321EDC00F76009 /* ContentView.swift in Sources */,
				3F98FECD26321EDC00F76009 /* Za_HunterApp.swift in Sources */,
				3F6F352C26376075004A234F /* LocationManager.swift in Sources */,
			);
			runOnlyForDeploymentPostprocessing = 0;
		};
		3F98FED626321EE000F76009 /* Sources */ = {
			isa = PBXSourcesBuildPhase;
			buildActionMask = 2147483647;
			files = (
				3F98FEDF26321EE000F76009 /* Za_HunterTests.swift in Sources */,
			);
			runOnlyForDeploymentPostprocessing = 0;
		};
		3F98FEE126321EE000F76009 /* Sources */ = {
			isa = PBXSourcesBuildPhase;
			buildActionMask = 2147483647;
			files = (
				3F98FEEA26321EE000F76009 /* Za_HunterUITests.swift in Sources */,
			);
			runOnlyForDeploymentPostprocessing = 0;
		};
/* End PBXSourcesBuildPhase section */

/* Begin PBXTargetDependency section */
		3F98FEDC26321EE000F76009 /* PBXTargetDependency */ = {
			isa = PBXTargetDependency;
			target = 3F98FEC826321EDC00F76009 /* Za Hunter */;
			targetProxy = 3F98FEDB26321EE000F76009 /* PBXContainerItemProxy */;
		};
		3F98FEE726321EE000F76009 /* PBXTargetDependency */ = {
			isa = PBXTargetDependency;
			target = 3F98FEC826321EDC00F76009 /* Za Hunter */;
			targetProxy = 3F98FEE626321EE000F76009 /* PBXContainerItemProxy */;
		};
/* End PBXTargetDependency section */

/* Begin XCBuildConfiguration section */
		3F98FEEC26321EE100F76009 /* Debug */ = {
			isa = XCBuildConfiguration;
			buildSettings = {
				ALWAYS_SEARCH_USER_PATHS = NO;
				CLANG_ANALYZER_NONNULL = YES;
				CLANG_ANALYZER_NUMBER_OBJECT_CONVERSION = YES_AGGRESSIVE;
				CLANG_CXX_LANGUAGE_STANDARD = "gnu++14";
				CLANG_CXX_LIBRARY = "libc++";
				CLANG_ENABLE_MODULES = YES;
				CLANG_ENABLE_OBJC_ARC = YES;
				CLANG_ENABLE_OBJC_WEAK = YES;
				CLANG_WARN_BLOCK_CAPTURE_AUTORELEASING = YES;
				CLANG_WARN_BOOL_CONVERSION = YES;
				CLANG_WARN_COMMA = YES;
				CLANG_WARN_CONSTANT_CONVERSION = YES;
				CLANG_WARN_DEPRECATED_OBJC_IMPLEMENTATIONS = YES;
				CLANG_WARN_DIRECT_OBJC_ISA_USAGE = YES_ERROR;
				CLANG_WARN_DOCUMENTATION_COMMENTS = YES;
				CLANG_WARN_EMPTY_BODY = YES;
				CLANG_WARN_ENUM_CONVERSION = YES;
				CLANG_WARN_INFINITE_RECURSION = YES;
				CLANG_WARN_INT_CONVERSION = YES;
				CLANG_WARN_NON_LITERAL_NULL_CONVERSION = YES;
				CLANG_WARN_OBJC_IMPLICIT_RETAIN_SELF = YES;
				CLANG_WARN_OBJC_LITERAL_CONVERSION = YES;
				CLANG_WARN_OBJC_ROOT_CLASS = YES_ERROR;
				CLANG_WARN_QUOTED_INCLUDE_IN_FRAMEWORK_HEADER = YES;
				CLANG_WARN_RANGE_LOOP_ANALYSIS = YES;
				CLANG_WARN_STRICT_PROTOTYPES = YES;
				CLANG_WARN_SUSPICIOUS_MOVE = YES;
				CLANG_WARN_UNGUARDED_AVAILABILITY = YES_AGGRESSIVE;
				CLANG_WARN_UNREACHABLE_CODE = YES;
				CLANG_WARN__DUPLICATE_METHOD_MATCH = YES;
				COPY_PHASE_STRIP = NO;
				DEBUG_INFORMATION_FORMAT = dwarf;
				ENABLE_STRICT_OBJC_MSGSEND = YES;
				ENABLE_TESTABILITY = YES;
				GCC_C_LANGUAGE_STANDARD = gnu11;
				GCC_DYNAMIC_NO_PIC = NO;
				GCC_NO_COMMON_BLOCKS = YES;
				GCC_OPTIMIZATION_LEVEL = 0;
				GCC_PREPROCESSOR_DEFINITIONS = (
					"DEBUG=1",
					"$(inherited)",
				);
				GCC_WARN_64_TO_32_BIT_CONVERSION = YES;
				GCC_WARN_ABOUT_RETURN_TYPE = YES_ERROR;
				GCC_WARN_UNDECLARED_SELECTOR = YES;
				GCC_WARN_UNINITIALIZED_AUTOS = YES_AGGRESSIVE;
				GCC_WARN_UNUSED_FUNCTION = YES;
				GCC_WARN_UNUSED_VARIABLE = YES;
				IPHONEOS_DEPLOYMENT_TARGET = 14.4;
				MTL_ENABLE_DEBUG_INFO = INCLUDE_SOURCE;
				MTL_FAST_MATH = YES;
				ONLY_ACTIVE_ARCH = YES;
				SDKROOT = iphoneos;
				SWIFT_ACTIVE_COMPILATION_CONDITIONS = DEBUG;
				SWIFT_OPTIMIZATION_LEVEL = "-Onone";
			};
			name = Debug;
		};
		3F98FEED26321EE100F76009 /* Release */ = {
			isa = XCBuildConfiguration;
			buildSettings = {
				ALWAYS_SEARCH_USER_PATHS = NO;
				CLANG_ANALYZER_NONNULL = YES;
				CLANG_ANALYZER_NUMBER_OBJECT_CONVERSION = YES_AGGRESSIVE;
				CLANG_CXX_LANGUAGE_STANDARD = "gnu++14";
				CLANG_CXX_LIBRARY = "libc++";
				CLANG_ENABLE_MODULES = YES;
				CLANG_ENABLE_OBJC_ARC = YES;
				CLANG_ENABLE_OBJC_WEAK = YES;
				CLANG_WARN_BLOCK_CAPTURE_AUTORELEASING = YES;
				CLANG_WARN_BOOL_CONVERSION = YES;
				CLANG_WARN_COMMA = YES;
				CLANG_WARN_CONSTANT_CONVERSION = YES;
				CLANG_WARN_DEPRECATED_OBJC_IMPLEMENTATIONS = YES;
				CLANG_WARN_DIRECT_OBJC_ISA_USAGE = YES_ERROR;
				CLANG_WARN_DOCUMENTATION_COMMENTS = YES;
				CLANG_WARN_EMPTY_BODY = YES;
				CLANG_WARN_ENUM_CONVERSION = YES;
				CLANG_WARN_INFINITE_RECURSION = YES;
				CLANG_WARN_INT_CONVERSION = YES;
				CLANG_WARN_NON_LITERAL_NULL_CONVERSION = YES;
				CLANG_WARN_OBJC_IMPLICIT_RETAIN_SELF = YES;
				CLANG_WARN_OBJC_LITERAL_CONVERSION = YES;
				CLANG_WARN_OBJC_ROOT_CLASS = YES_ERROR;
				CLANG_WARN_QUOTED_INCLUDE_IN_FRAMEWORK_HEADER = YES;
				CLANG_WARN_RANGE_LOOP_ANALYSIS = YES;
				CLANG_WARN_STRICT_PROTOTYPES = YES;
				CLANG_WARN_SUSPICIOUS_MOVE = YES;
				CLANG_WARN_UNGUARDED_AVAILABILITY = YES_AGGRESSIVE;
				CLANG_WARN_UNREACHABLE_CODE = YES;
				CLANG_WARN__DUPLICATE_METHOD_MATCH = YES;
				COPY_PHASE_STRIP = NO;
				DEBUG_INFORMATION_FORMAT = "dwarf-with-dsym";
				ENABLE_NS_ASSERTIONS = NO;
				ENABLE_STRICT_OBJC_MSGSEND = YES;
				GCC_C_LANGUAGE_STANDARD = gnu11;
				GCC_NO_COMMON_BLOCKS = YES;
				GCC_WARN_64_TO_32_BIT_CONVERSION = YES;
				GCC_WARN_ABOUT_RETURN_TYPE = YES_ERROR;
				GCC_WARN_UNDECLARED_SELECTOR = YES;
				GCC_WARN_UNINITIALIZED_AUTOS = YES_AGGRESSIVE;
				GCC_WARN_UNUSED_FUNCTION = YES;
				GCC_WARN_UNUSED_VARIABLE = YES;
				IPHONEOS_DEPLOYMENT_TARGET = 14.4;
				MTL_ENABLE_DEBUG_INFO = NO;
				MTL_FAST_MATH = YES;
				SDKROOT = iphoneos;
				SWIFT_COMPILATION_MODE = wholemodule;
				SWIFT_OPTIMIZATION_LEVEL = "-O";
				VALIDATE_PRODUCT = YES;
			};
			name = Release;
		};
		3F98FEEF26321EE100F76009 /* Debug */ = {
			isa = XCBuildConfiguration;
			buildSettings = {
				ASSETCATALOG_COMPILER_APPICON_NAME = AppIcon;
				ASSETCATALOG_COMPILER_GLOBAL_ACCENT_COLOR_NAME = AccentColor;
				CODE_SIGN_STYLE = Automatic;
				DEVELOPMENT_ASSET_PATHS = "\"Za Hunter/Preview Content\"";
				DEVELOPMENT_TEAM = 454X82WN7L;
				ENABLE_PREVIEWS = YES;
				INFOPLIST_FILE = "Za Hunter/Info.plist";
				IPHONEOS_DEPLOYMENT_TARGET = 14.0;
				LD_RUNPATH_SEARCH_PATHS = (
					"$(inherited)",
					"@executable_path/Frameworks",
				);
				PRODUCT_BUNDLE_IDENTIFIER = "MR-B.Za-Hunter";
				PRODUCT_NAME = "$(TARGET_NAME)";
				SWIFT_VERSION = 5.0;
				TARGETED_DEVICE_FAMILY = "1,2";
			};
			name = Debug;
		};
		3F98FEF026321EE100F76009 /* Release */ = {
			isa = XCBuildConfiguration;
			buildSettings = {
				ASSETCATALOG_COMPILER_APPICON_NAME = AppIcon;
				ASSETCATALOG_COMPILER_GLOBAL_ACCENT_COLOR_NAME = AccentColor;
				CODE_SIGN_STYLE = Automatic;
				DEVELOPMENT_ASSET_PATHS = "\"Za Hunter/Preview Content\"";
				DEVELOPMENT_TEAM = 454X82WN7L;
				ENABLE_PREVIEWS = YES;
				INFOPLIST_FILE = "Za Hunter/Info.plist";
				IPHONEOS_DEPLOYMENT_TARGET = 14.0;
				LD_RUNPATH_SEARCH_PATHS = (
					"$(inherited)",
					"@executable_path/Frameworks",
				);
				PRODUCT_BUNDLE_IDENTIFIER = "MR-B.Za-Hunter";
				PRODUCT_NAME = "$(TARGET_NAME)";
				SWIFT_VERSION = 5.0;
				TARGETED_DEVICE_FAMILY = "1,2";
			};
			name = Release;
		};
		3F98FEF226321EE100F76009 /* Debug */ = {
			isa = XCBuildConfiguration;
			buildSettings = {
				ALWAYS_EMBED_SWIFT_STANDARD_LIBRARIES = YES;
				BUNDLE_LOADER = "$(TEST_HOST)";
				CODE_SIGN_STYLE = Automatic;
				DEVELOPMENT_TEAM = 454X82WN7L;
				INFOPLIST_FILE = "Za HunterTests/Info.plist";
				IPHONEOS_DEPLOYMENT_TARGET = 14.0;
				LD_RUNPATH_SEARCH_PATHS = (
					"$(inherited)",
					"@executable_path/Frameworks",
					"@loader_path/Frameworks",
				);
				PRODUCT_BUNDLE_IDENTIFIER = "MR-B.Za-HunterTests";
				PRODUCT_NAME = "$(TARGET_NAME)";
				SWIFT_VERSION = 5.0;
				TARGETED_DEVICE_FAMILY = "1,2";
				TEST_HOST = "$(BUILT_PRODUCTS_DIR)/Za Hunter.app/Za Hunter";
			};
			name = Debug;
		};
		3F98FEF326321EE100F76009 /* Release */ = {
			isa = XCBuildConfiguration;
			buildSettings = {
				ALWAYS_EMBED_SWIFT_STANDARD_LIBRARIES = YES;
				BUNDLE_LOADER = "$(TEST_HOST)";
				CODE_SIGN_STYLE = Automatic;
				DEVELOPMENT_TEAM = 454X82WN7L;
				INFOPLIST_FILE = "Za HunterTests/Info.plist";
				IPHONEOS_DEPLOYMENT_TARGET = 14.0;
				LD_RUNPATH_SEARCH_PATHS = (
					"$(inherited)",
					"@executable_path/Frameworks",
					"@loader_path/Frameworks",
				);
				PRODUCT_BUNDLE_IDENTIFIER = "MR-B.Za-HunterTests";
				PRODUCT_NAME = "$(TARGET_NAME)";
				SWIFT_VERSION = 5.0;
				TARGETED_DEVICE_FAMILY = "1,2";
				TEST_HOST = "$(BUILT_PRODUCTS_DIR)/Za Hunter.app/Za Hunter";
			};
			name = Release;
		};
		3F98FEF526321EE100F76009 /* Debug */ = {
			isa = XCBuildConfiguration;
			buildSettings = {
				ALWAYS_EMBED_SWIFT_STANDARD_LIBRARIES = YES;
				CODE_SIGN_STYLE = Automatic;
				DEVELOPMENT_TEAM = 454X82WN7L;
				INFOPLIST_FILE = "Za HunterUITests/Info.plist";
				LD_RUNPATH_SEARCH_PATHS = (
					"$(inherited)",
					"@executable_path/Frameworks",
					"@loader_path/Frameworks",
				);
				PRODUCT_BUNDLE_IDENTIFIER = "MR-B.Za-HunterUITests";
				PRODUCT_NAME = "$(TARGET_NAME)";
				SWIFT_VERSION = 5.0;
				TARGETED_DEVICE_FAMILY = "1,2";
				TEST_TARGET_NAME = "Za Hunter";
			};
			name = Debug;
		};
		3F98FEF626321EE100F76009 /* Release */ = {
			isa = XCBuildConfiguration;
			buildSettings = {
				ALWAYS_EMBED_SWIFT_STANDARD_LIBRARIES = YES;
				CODE_SIGN_STYLE = Automatic;
				DEVELOPMENT_TEAM = 454X82WN7L;
				INFOPLIST_FILE = "Za HunterUITests/Info.plist";
				LD_RUNPATH_SEARCH_PATHS = (
					"$(inherited)",
					"@executable_path/Frameworks",
					"@loader_path/Frameworks",
				);
				PRODUCT_BUNDLE_IDENTIFIER = "MR-B.Za-HunterUITests";
				PRODUCT_NAME = "$(TARGET_NAME)";
				SWIFT_VERSION = 5.0;
				TARGETED_DEVICE_FAMILY = "1,2";
				TEST_TARGET_NAME = "Za Hunter";
			};
			name = Release;
		};
/* End XCBuildConfiguration section */

/* Begin XCConfigurationList section */
		3F98FEC426321EDC00F76009 /* Build configuration list for PBXProject "Za Hunter" */ = {
			isa = XCConfigurationList;
			buildConfigurations = (
				3F98FEEC26321EE100F76009 /* Debug */,
				3F98FEED26321EE100F76009 /* Release */,
			);
			defaultConfigurationIsVisible = 0;
			defaultConfigurationName = Release;
		};
		3F98FEEE26321EE100F76009 /* Build configuration list for PBXNativeTarget "Za Hunter" */ = {
			isa = XCConfigurationList;
			buildConfigurations = (
				3F98FEEF26321EE100F76009 /* Debug */,
				3F98FEF026321EE100F76009 /* Release */,
			);
			defaultConfigurationIsVisible = 0;
			defaultConfigurationName = Release;
		};
		3F98FEF126321EE100F76009 /* Build configuration list for PBXNativeTarget "Za HunterTests" */ = {
			isa = XCConfigurationList;
			buildConfigurations = (
				3F98FEF226321EE100F76009 /* Debug */,
				3F98FEF326321EE100F76009 /* Release */,
			);
			defaultConfigurationIsVisible = 0;
			defaultConfigurationName = Release;
		};
		3F98FEF426321EE100F76009 /* Build configuration list for PBXNativeTarget "Za HunterUITests" */ = {
			isa = XCConfigurationList;
			buildConfigurations = (
				3F98FEF526321EE100F76009 /* Debug */,
				3F98FEF626321EE100F76009 /* Release */,
			);
			defaultConfigurationIsVisible = 0;
			defaultConfigurationName = Release;
		};
/* End XCConfigurationList section */
	};
	rootObject = 3F98FEC126321EDC00F76009 /* Project object */;
}
